
Microsoft Visual Studio Solution File, Format Version 12.00
# Visual Studio 15
VisualStudioVersion = 15.0.27130.2010
MinimumVisualStudioVersion = 10.0.40219.1
Project("{FAE04EC0-301F-11D3-BF4B-00C04F79EFBC}") = "WeChatJumpGameTool", "WeChatJumpGameTool\WeChatJumpGameTool.csproj", "{92AF88D4-851E-42B4-B13F-25B0AAA5D475}"
EndProject
Global
	GlobalSection(SolutionConfigurationPlatforms) = preSolution
		Debug|Any CPU = Debug|Any CPU
		Release|Any CPU = Release|Any CPU
	EndGlobalSection
	GlobalSection(ProjectConfigurationPlatforms) = postSolution
		{92AF88D4-851E-42B4-B13F-25B0AAA5D475}.Debug|Any CPU.ActiveCfg = Debug|Any CPU
		{92AF88D4-851E-42B4-B13F-25B0AAA5D475}.Debug|Any CPU.Build.0 = Debug|Any CPU
		{92AF88D4-851E-42B4-B13F-25B0AAA5D475}.Release|Any CPU.ActiveCfg = Release|Any CPU
		{92AF88D4-851E-42B4-B13F-25B0AAA5D475}.Release|Any CPU.Build.0 = Release|Any CPU
	EndGlobalSection
	GlobalSection(SolutionProperties) = preSolution
		HideSolutionNode = FALSE
	EndGlobalSection
	GlobalSection(ExtensibilityGlobals) = postSolution
		SolutionGuid = {FDE226EE-D47C-4F04-A8A0-CB523EEBD706}
	EndGlobalSection
EndGlobal
